
Microsoft Visual Studio Solution File, Format Version 12.00
# Visual Studio 15
VisualStudioVersion = 15.0.28307.572
MinimumVisualStudioVersion = 10.0.40219.1
Project("{FAE04EC0-301F-11D3-BF4B-00C04F79EFBC}") = "AngularAPIBoilerplate", "AngularAPIBoilerplate\AngularAPIBoilerplate.csproj", "{AFA62DF9-746E-461C-98F7-1D8985656D79}"
EndProject
Global
	GlobalSection(SolutionConfigurationPlatforms) = preSolution
		Debug|Any CPU = Debug|Any CPU
		Release|Any CPU = Release|Any CPU
	EndGlobalSection
	GlobalSection(ProjectConfigurationPlatforms) = postSolution
		{AFA62DF9-746E-461C-98F7-1D8985656D79}.Debug|Any CPU.ActiveCfg = Debug|Any CPU
		{AFA62DF9-746E-461C-98F7-1D8985656D79}.Debug|Any CPU.Build.0 = Debug|Any CPU
		{AFA62DF9-746E-461C-98F7-1D8985656D79}.Release|Any CPU.ActiveCfg = Release|Any CPU
		{AFA62DF9-746E-461C-98F7-1D8985656D79}.Release|Any CPU.Build.0 = Release|Any CPU
	EndGlobalSection
	GlobalSection(SolutionProperties) = preSolution
		HideSolutionNode = FALSE
	EndGlobalSection
	GlobalSection(ExtensibilityGlobals) = postSolution
		SolutionGuid = {5D55293D-CE36-41E8-9FBB-AEF12DBFFFDB}
	EndGlobalSection
EndGlobal
